
Microsoft Visual Studio Solution File, Format Version 12.00
# Visual Studio Version 16
VisualStudioVersion = 16.0.31025.194
MinimumVisualStudioVersion = 10.0.40219.1
Project("{FAE04EC0-301F-11D3-BF4B-00C04F79EFBC}") = "Passion_231", "Passion_231\Passion_231.csproj", "{5F100C7B-A9B6-4882-BDB1-922B3B2ACCA2}"
EndProject
Global
	GlobalSection(SolutionConfigurationPlatforms) = preSolution
		Debug|Any CPU = Debug|Any CPU
		Release|Any CPU = Release|Any CPU
	EndGlobalSection
	GlobalSection(ProjectConfigurationPlatforms) = postSolution
		{5F100C7B-A9B6-4882-BDB1-922B3B2ACCA2}.Debug|Any CPU.ActiveCfg = Debug|Any CPU
		{5F100C7B-A9B6-4882-BDB1-922B3B2ACCA2}.Debug|Any CPU.Build.0 = Debug|Any CPU
		{5F100C7B-A9B6-4882-BDB1-922B3B2ACCA2}.Release|Any CPU.ActiveCfg = Release|Any CPU
		{5F100C7B-A9B6-4882-BDB1-922B3B2ACCA2}.Release|Any CPU.Build.0 = Release|Any CPU
	EndGlobalSection
	GlobalSection(SolutionProperties) = preSolution
		HideSolutionNode = FALSE
	EndGlobalSection
	GlobalSection(ExtensibilityGlobals) = postSolution
		SolutionGuid = {EBA59E18-7728-4D36-BA11-1CF3398FD728}
	EndGlobalSection
EndGlobal
